
Microsoft Visual Studio Solution File, Format Version 12.00
# Visual Studio 15
VisualStudioVersion = 15.0.27130.2010
MinimumVisualStudioVersion = 10.0.40219.1
Project("{FAE04EC0-301F-11D3-BF4B-00C04F79EFBC}") = "Compareitor", "Compareitor\Compareitor.csproj", "{5DE93AA7-07DD-42E6-8ED1-C4665D87CB04}"
EndProject
Project("{FAE04EC0-301F-11D3-BF4B-00C04F79EFBC}") = "Compareitor.Console", "Compareitor.Console\Compareitor.Console.csproj", "{5BDDC879-6368-4D77-9505-4AC231F4C1F3}"
EndProject
Global
	GlobalSection(SolutionConfigurationPlatforms) = preSolution
		Debug|Any CPU = Debug|Any CPU
		Release|Any CPU = Release|Any CPU
	EndGlobalSection
	GlobalSection(ProjectConfigurationPlatforms) = postSolution
		{5DE93AA7-07DD-42E6-8ED1-C4665D87CB04}.Debug|Any CPU.ActiveCfg = Debug|Any CPU
		{5DE93AA7-07DD-42E6-8ED1-C4665D87CB04}.Debug|Any CPU.Build.0 = Debug|Any CPU
		{5DE93AA7-07DD-42E6-8ED1-C4665D87CB04}.Release|Any CPU.ActiveCfg = Release|Any CPU
		{5DE93AA7-07DD-42E6-8ED1-C4665D87CB04}.Release|Any CPU.Build.0 = Release|Any CPU
		{5BDDC879-6368-4D77-9505-4AC231F4C1F3}.Debug|Any CPU.ActiveCfg = Debug|Any CPU
		{5BDDC879-6368-4D77-9505-4AC231F4C1F3}.Debug|Any CPU.Build.0 = Debug|Any CPU
		{5BDDC879-6368-4D77-9505-4AC231F4C1F3}.Release|Any CPU.ActiveCfg = Release|Any CPU
		{5BDDC879-6368-4D77-9505-4AC231F4C1F3}.Release|Any CPU.Build.0 = Release|Any CPU
	EndGlobalSection
	GlobalSection(SolutionProperties) = preSolution
		HideSolutionNode = FALSE
	EndGlobalSection
	GlobalSection(ExtensibilityGlobals) = postSolution
		SolutionGuid = {F2E9DC54-7B18-4ECC-929D-7EEC0D08BB0E}
	EndGlobalSection
EndGlobal
